# This file is generated by running "yarn install" inside your project.
# Manual changes might be lost - proceed with caution!

__metadata:
  version: 8
  cacheKey: 10c0

"@fishjam-cloud/ts-client@https://github.com/fishjam-cloud/web-client-sdk.git#workspace=@fishjam-cloud/ts-client&head=ex_webrtc_poc":
  version: 0.6.0
  resolution: "@fishjam-cloud/ts-client@https://github.com/fishjam-cloud/web-client-sdk.git#workspace=%40fishjam-cloud%2Fts-client&commit=492d929daea1acb3cea07cabe35a94ea336c8a01"
  dependencies:
    events: "npm:^3.3.0"
    protobufjs: "npm:^7.3.0"
    typed-emitter: "npm:^2.1.0"
    uuid: "npm:^10.0.0"
  checksum: 10c0/7831c35d1b9bafa3e5f0f32240a99792457140d150239914f3c091d13291abd32e21ba61e2b1ea2e9f3283d2c166fe34508e2b0a5d02b48ecfc48a708d913b55
  languageName: node
  linkType: hard

"@protobufjs/aspromise@npm:^1.1.1, @protobufjs/aspromise@npm:^1.1.2":
  version: 1.1.2
  resolution: "@protobufjs/aspromise@npm:1.1.2"
  checksum: 10c0/a83343a468ff5b5ec6bff36fd788a64c839e48a07ff9f4f813564f58caf44d011cd6504ed2147bf34835bd7a7dd2107052af755961c6b098fd8902b4f6500d0f
  languageName: node
  linkType: hard

"@protobufjs/base64@npm:^1.1.2":
  version: 1.1.2
  resolution: "@protobufjs/base64@npm:1.1.2"
  checksum: 10c0/eec925e681081af190b8ee231f9bad3101e189abbc182ff279da6b531e7dbd2a56f1f306f37a80b1be9e00aa2d271690d08dcc5f326f71c9eed8546675c8caf6
  languageName: node
  linkType: hard

"@protobufjs/codegen@npm:^2.0.4":
  version: 2.0.4
  resolution: "@protobufjs/codegen@npm:2.0.4"
  checksum: 10c0/26ae337c5659e41f091606d16465bbcc1df1f37cc1ed462438b1f67be0c1e28dfb2ca9f294f39100c52161aef82edf758c95d6d75650a1ddf31f7ddee1440b43
  languageName: node
  linkType: hard

"@protobufjs/eventemitter@npm:^1.1.0":
  version: 1.1.0
  resolution: "@protobufjs/eventemitter@npm:1.1.0"
  checksum: 10c0/1eb0a75180e5206d1033e4138212a8c7089a3d418c6dfa5a6ce42e593a4ae2e5892c4ef7421f38092badba4040ea6a45f0928869989411001d8c1018ea9a6e70
  languageName: node
  linkType: hard

"@protobufjs/fetch@npm:^1.1.0":
  version: 1.1.0
  resolution: "@protobufjs/fetch@npm:1.1.0"
  dependencies:
    "@protobufjs/aspromise": "npm:^1.1.1"
    "@protobufjs/inquire": "npm:^1.1.0"
  checksum: 10c0/cda6a3dc2d50a182c5865b160f72077aac197046600091dbb005dd0a66db9cce3c5eaed6d470ac8ed49d7bcbeef6ee5f0bc288db5ff9a70cbd003e5909065233
  languageName: node
  linkType: hard

"@protobufjs/float@npm:^1.0.2":
  version: 1.0.2
  resolution: "@protobufjs/float@npm:1.0.2"
  checksum: 10c0/18f2bdede76ffcf0170708af15c9c9db6259b771e6b84c51b06df34a9c339dbbeec267d14ce0bddd20acc142b1d980d983d31434398df7f98eb0c94a0eb79069
  languageName: node
  linkType: hard

"@protobufjs/inquire@npm:^1.1.0":
  version: 1.1.0
  resolution: "@protobufjs/inquire@npm:1.1.0"
  checksum: 10c0/64372482efcba1fb4d166a2664a6395fa978b557803857c9c03500e0ac1013eb4b1aacc9ed851dd5fc22f81583670b4f4431bae186f3373fedcfde863ef5921a
  languageName: node
  linkType: hard

"@protobufjs/path@npm:^1.1.2":
  version: 1.1.2
  resolution: "@protobufjs/path@npm:1.1.2"
  checksum: 10c0/cece0a938e7f5dfd2fa03f8c14f2f1cf8b0d6e13ac7326ff4c96ea311effd5fb7ae0bba754fbf505312af2e38500250c90e68506b97c02360a43793d88a0d8b4
  languageName: node
  linkType: hard

"@protobufjs/pool@npm:^1.1.0":
  version: 1.1.0
  resolution: "@protobufjs/pool@npm:1.1.0"
  checksum: 10c0/eda2718b7f222ac6e6ad36f758a92ef90d26526026a19f4f17f668f45e0306a5bd734def3f48f51f8134ae0978b6262a5c517c08b115a551756d1a3aadfcf038
  languageName: node
  linkType: hard

"@protobufjs/utf8@npm:^1.1.0":
  version: 1.1.0
  resolution: "@protobufjs/utf8@npm:1.1.0"
  checksum: 10c0/a3fe31fe3fa29aa3349e2e04ee13dc170cc6af7c23d92ad49e3eeaf79b9766264544d3da824dba93b7855bd6a2982fb40032ef40693da98a136d835752beb487
  languageName: node
  linkType: hard

"@types/node@npm:*, @types/node@npm:>=13.7.0":
  version: 22.5.4
  resolution: "@types/node@npm:22.5.4"
  dependencies:
    undici-types: "npm:~6.19.2"
  checksum: 10c0/b445daa7eecd761ad4d778b882d6ff7bcc3b4baad2086ea9804db7c5d4a4ab0298b00d7f5315fc640a73b5a1d52bbf9628e09c9fec0cf44dbf9b4df674a8717d
  languageName: node
  linkType: hard

"@types/yauzl@npm:^2.9.1":
  version: 2.10.3
  resolution: "@types/yauzl@npm:2.10.3"
  dependencies:
    "@types/node": "npm:*"
  checksum: 10c0/f1b7c1b99fef9f2fe7f1985ef7426d0cebe48cd031f1780fcdc7451eec7e31ac97028f16f50121a59bcf53086a1fc8c856fd5b7d3e00970e43d92ae27d6b43dc
  languageName: node
  linkType: hard

"agent-base@npm:6, agent-base@npm:^6.0.2":
  version: 6.0.2
  resolution: "agent-base@npm:6.0.2"
  dependencies:
    debug: "npm:4"
  checksum: 10c0/dc4f757e40b5f3e3d674bc9beb4f1048f4ee83af189bae39be99f57bf1f48dde166a8b0a5342a84b5944ee8e6ed1e5a9d801858f4ad44764e84957122fe46261
  languageName: node
  linkType: hard

"balanced-match@npm:^1.0.0":
  version: 1.0.2
  resolution: "balanced-match@npm:1.0.2"
  checksum: 10c0/9308baf0a7e4838a82bbfd11e01b1cb0f0cf2893bc1676c27c2a8c0e70cbae1c59120c3268517a8ae7fb6376b4639ef81ca22582611dbee4ed28df945134aaee
  languageName: node
  linkType: hard

"brace-expansion@npm:^1.1.7":
  version: 1.1.11
  resolution: "brace-expansion@npm:1.1.11"
  dependencies:
    balanced-match: "npm:^1.0.0"
    concat-map: "npm:0.0.1"
  checksum: 10c0/695a56cd058096a7cb71fb09d9d6a7070113c7be516699ed361317aca2ec169f618e28b8af352e02ab4233fb54eb0168460a40dc320bab0034b36ab59aaad668
  languageName: node
  linkType: hard

"buffer-crc32@npm:~0.2.3":
  version: 0.2.13
  resolution: "buffer-crc32@npm:0.2.13"
  checksum: 10c0/cb0a8ddf5cf4f766466db63279e47761eb825693eeba6a5a95ee4ec8cb8f81ede70aa7f9d8aeec083e781d47154290eb5d4d26b3f7a465ec57fb9e7d59c47150
  languageName: node
  linkType: hard

"commander@npm:^8.2.0":
  version: 8.3.0
  resolution: "commander@npm:8.3.0"
  checksum: 10c0/8b043bb8322ea1c39664a1598a95e0495bfe4ca2fad0d84a92d7d1d8d213e2a155b441d2470c8e08de7c4a28cf2bc6e169211c49e1b21d9f7edc6ae4d9356060
  languageName: node
  linkType: hard

"concat-map@npm:0.0.1":
  version: 0.0.1
  resolution: "concat-map@npm:0.0.1"
  checksum: 10c0/c996b1cfdf95b6c90fee4dae37e332c8b6eb7d106430c17d538034c0ad9a1630cb194d2ab37293b1bdd4d779494beee7786d586a50bd9376fd6f7bcc2bd4c98f
  languageName: node
  linkType: hard

"debug@npm:4, debug@npm:^4.1.1, debug@npm:^4.3.3":
  version: 4.3.7
  resolution: "debug@npm:4.3.7"
  dependencies:
    ms: "npm:^2.1.3"
  peerDependenciesMeta:
    supports-color:
      optional: true
  checksum: 10c0/1471db19c3b06d485a622d62f65947a19a23fbd0dd73f7fd3eafb697eec5360cde447fb075919987899b1a2096e85d35d4eb5a4de09a57600ac9cf7e6c8e768b
  languageName: node
  linkType: hard

"end-of-stream@npm:^1.1.0":
  version: 1.4.4
  resolution: "end-of-stream@npm:1.4.4"
  dependencies:
    once: "npm:^1.4.0"
  checksum: 10c0/870b423afb2d54bb8d243c63e07c170409d41e20b47eeef0727547aea5740bd6717aca45597a9f2745525667a6b804c1e7bede41f856818faee5806dd9ff3975
  languageName: node
  linkType: hard

"escape-string-regexp@npm:^2.0.0":
  version: 2.0.0
  resolution: "escape-string-regexp@npm:2.0.0"
  checksum: 10c0/2530479fe8db57eace5e8646c9c2a9c80fa279614986d16dcc6bcaceb63ae77f05a851ba6c43756d816c61d7f4534baf56e3c705e3e0d884818a46808811c507
  languageName: node
  linkType: hard

"events@npm:^3.3.0":
  version: 3.3.0
  resolution: "events@npm:3.3.0"
  checksum: 10c0/d6b6f2adbccbcda74ddbab52ed07db727ef52e31a61ed26db9feb7dc62af7fc8e060defa65e5f8af9449b86b52cc1a1f6a79f2eafcf4e62add2b7a1fa4a432f6
  languageName: node
  linkType: hard

"extract-zip@npm:^2.0.1":
  version: 2.0.1
  resolution: "extract-zip@npm:2.0.1"
  dependencies:
    "@types/yauzl": "npm:^2.9.1"
    debug: "npm:^4.1.1"
    get-stream: "npm:^5.1.0"
    yauzl: "npm:^2.10.0"
  dependenciesMeta:
    "@types/yauzl":
      optional: true
  bin:
    extract-zip: cli.js
  checksum: 10c0/9afbd46854aa15a857ae0341a63a92743a7b89c8779102c3b4ffc207516b2019337353962309f85c66ee3d9092202a83cdc26dbf449a11981272038443974aee
  languageName: node
  linkType: hard

"fd-slicer@npm:~1.1.0":
  version: 1.1.0
  resolution: "fd-slicer@npm:1.1.0"
  dependencies:
    pend: "npm:~1.2.0"
  checksum: 10c0/304dd70270298e3ffe3bcc05e6f7ade2511acc278bc52d025f8918b48b6aa3b77f10361bddfadfe2a28163f7af7adbdce96f4d22c31b2f648ba2901f0c5fc20e
  languageName: node
  linkType: hard

"fs.realpath@npm:^1.0.0":
  version: 1.0.0
  resolution: "fs.realpath@npm:1.0.0"
  checksum: 10c0/444cf1291d997165dfd4c0d58b69f0e4782bfd9149fd72faa4fe299e68e0e93d6db941660b37dd29153bf7186672ececa3b50b7e7249477b03fdf850f287c948
  languageName: node
  linkType: hard

"get-stream@npm:^5.1.0":
  version: 5.2.0
  resolution: "get-stream@npm:5.2.0"
  dependencies:
    pump: "npm:^3.0.0"
  checksum: 10c0/43797ffd815fbb26685bf188c8cfebecb8af87b3925091dd7b9a9c915993293d78e3c9e1bce125928ff92f2d0796f3889b92b5ec6d58d1041b574682132e0a80
  languageName: node
  linkType: hard

"glob@npm:^7.1.3":
  version: 7.2.3
  resolution: "glob@npm:7.2.3"
  dependencies:
    fs.realpath: "npm:^1.0.0"
    inflight: "npm:^1.0.4"
    inherits: "npm:2"
    minimatch: "npm:^3.1.1"
    once: "npm:^1.3.0"
    path-is-absolute: "npm:^1.0.0"
  checksum: 10c0/65676153e2b0c9095100fe7f25a778bf45608eeb32c6048cf307f579649bcc30353277b3b898a3792602c65764e5baa4f643714dfbdfd64ea271d210c7a425fe
  languageName: node
  linkType: hard

"graceful-fs@npm:^4.2.4":
  version: 4.2.11
  resolution: "graceful-fs@npm:4.2.11"
  checksum: 10c0/386d011a553e02bc594ac2ca0bd6d9e4c22d7fa8cfbfc448a6d148c59ea881b092db9dbe3547ae4b88e55f1b01f7c4a2ecc53b310c042793e63aa44cf6c257f2
  languageName: node
  linkType: hard

"https-proxy-agent@npm:^5.0.0":
  version: 5.0.1
  resolution: "https-proxy-agent@npm:5.0.1"
  dependencies:
    agent-base: "npm:6"
    debug: "npm:4"
  checksum: 10c0/6dd639f03434003577c62b27cafdb864784ef19b2de430d8ae2a1d45e31c4fd60719e5637b44db1a88a046934307da7089e03d6089ec3ddacc1189d8de8897d1
  languageName: node
  linkType: hard

"inflight@npm:^1.0.4":
  version: 1.0.6
  resolution: "inflight@npm:1.0.6"
  dependencies:
    once: "npm:^1.3.0"
    wrappy: "npm:1"
  checksum: 10c0/7faca22584600a9dc5b9fca2cd5feb7135ac8c935449837b315676b4c90aa4f391ec4f42240178244b5a34e8bede1948627fda392ca3191522fc46b34e985ab2
  languageName: node
  linkType: hard

"inherits@npm:2":
  version: 2.0.4
  resolution: "inherits@npm:2.0.4"
  checksum: 10c0/4e531f648b29039fb7426fb94075e6545faa1eb9fe83c29f0b6d9e7263aceb4289d2d4557db0d428188eeb449cc7c5e77b0a0b2c4e248ff2a65933a0dee49ef2
  languageName: node
  linkType: hard

"ip-address@npm:^9.0.5":
  version: 9.0.5
  resolution: "ip-address@npm:9.0.5"
  dependencies:
    jsbn: "npm:1.1.0"
    sprintf-js: "npm:^1.1.3"
  checksum: 10c0/331cd07fafcb3b24100613e4b53e1a2b4feab11e671e655d46dc09ee233da5011284d09ca40c4ecbdfe1d0004f462958675c224a804259f2f78d2465a87824bc
  languageName: node
  linkType: hard

"jpeg-js@npm:^0.4.2":
  version: 0.4.4
  resolution: "jpeg-js@npm:0.4.4"
  checksum: 10c0/4d0d5097f8e55d8bbce6f1dc32ffaf3f43f321f6222e4e6490734fdc6d005322e3bd6fb992c2df7f5b587343b1441a1c333281dc3285bc9116e369fd2a2b43a7
  languageName: node
  linkType: hard

"jsbn@npm:1.1.0":
  version: 1.1.0
  resolution: "jsbn@npm:1.1.0"
  checksum: 10c0/4f907fb78d7b712e11dea8c165fe0921f81a657d3443dde75359ed52eb2b5d33ce6773d97985a089f09a65edd80b11cb75c767b57ba47391fee4c969f7215c96
  languageName: node
  linkType: hard

"long@npm:^5.0.0":
  version: 5.2.3
  resolution: "long@npm:5.2.3"
  checksum: 10c0/6a0da658f5ef683b90330b1af76f06790c623e148222da9d75b60e266bbf88f803232dd21464575681638894a84091616e7f89557aa087fd14116c0f4e0e43d9
  languageName: node
  linkType: hard

"mime@npm:^2.4.6":
  version: 2.6.0
  resolution: "mime@npm:2.6.0"
  bin:
    mime: cli.js
  checksum: 10c0/a7f2589900d9c16e3bdf7672d16a6274df903da958c1643c9c45771f0478f3846dcb1097f31eb9178452570271361e2149310931ec705c037210fc69639c8e6c
  languageName: node
  linkType: hard

"minimatch@npm:^3.1.1":
  version: 3.1.2
  resolution: "minimatch@npm:3.1.2"
  dependencies:
    brace-expansion: "npm:^1.1.7"
  checksum: 10c0/0262810a8fc2e72cca45d6fd86bd349eee435eb95ac6aa45c9ea2180e7ee875ef44c32b55b5973ceabe95ea12682f6e3725cbb63d7a2d1da3ae1163c8b210311
  languageName: node
  linkType: hard

"ms@npm:^2.1.3":
  version: 2.1.3
  resolution: "ms@npm:2.1.3"
  checksum: 10c0/d924b57e7312b3b63ad21fc5b3dc0af5e78d61a1fc7cfb5457edaf26326bf62be5307cc87ffb6862ef1c2b33b0233cdb5d4f01c4c958cc0d660948b65a287a48
  languageName: node
  linkType: hard

"once@npm:^1.3.0, once@npm:^1.3.1, once@npm:^1.4.0":
  version: 1.4.0
  resolution: "once@npm:1.4.0"
  dependencies:
    wrappy: "npm:1"
  checksum: 10c0/5d48aca287dfefabd756621c5dfce5c91a549a93e9fdb7b8246bc4c4790aa2ec17b34a260530474635147aeb631a2dcc8b32c613df0675f96041cbb8244517d0
  languageName: node
  linkType: hard

"path-is-absolute@npm:^1.0.0":
  version: 1.0.1
  resolution: "path-is-absolute@npm:1.0.1"
  checksum: 10c0/127da03c82172a2a50099cddbf02510c1791fc2cc5f7713ddb613a56838db1e8168b121a920079d052e0936c23005562059756d653b7c544c53185efe53be078
  languageName: node
  linkType: hard

"pend@npm:~1.2.0":
  version: 1.2.0
  resolution: "pend@npm:1.2.0"
  checksum: 10c0/8a87e63f7a4afcfb0f9f77b39bb92374afc723418b9cb716ee4257689224171002e07768eeade4ecd0e86f1fa3d8f022994219fb45634f2dbd78c6803e452458
  languageName: node
  linkType: hard

"phoenix@file:../deps/phoenix::locator=root-workspace-0b6124%40workspace%3A.":
  version: 1.6.16
  resolution: "phoenix@file:../deps/phoenix#../deps/phoenix::hash=3d748d&locator=root-workspace-0b6124%40workspace%3A."
  checksum: 10c0/c6bc75fc9639938e32e9a4b5056e94d77b942c31ea7f6441ee48b59b95d3696685fc37c5d31aab2632119e479edfbd9ec4bd5b3457f12b5696c1c54dc6be7864
  languageName: node
  linkType: hard

"playwright-core@npm:=1.18.1":
  version: 1.18.1
  resolution: "playwright-core@npm:1.18.1"
  dependencies:
    commander: "npm:^8.2.0"
    debug: "npm:^4.1.1"
    extract-zip: "npm:^2.0.1"
    https-proxy-agent: "npm:^5.0.0"
    jpeg-js: "npm:^0.4.2"
    mime: "npm:^2.4.6"
    pngjs: "npm:^5.0.0"
    progress: "npm:^2.0.3"
    proper-lockfile: "npm:^4.1.1"
    proxy-from-env: "npm:^1.1.0"
    rimraf: "npm:^3.0.2"
    socks-proxy-agent: "npm:^6.1.0"
    stack-utils: "npm:^2.0.3"
    ws: "npm:^7.4.6"
    yauzl: "npm:^2.10.0"
    yazl: "npm:^2.5.1"
  bin:
    playwright: cli.js
  checksum: 10c0/e64581928d9a42dce66f623b3af8ff8774ab2b09518756eb72449b3c5988cbe7336e898926b0bf3a56c8f317e4419f7aaa2ca3d826e9b705e8912738ffb3d9c0
  languageName: node
  linkType: hard

"playwright@npm:1.18.1":
  version: 1.18.1
  resolution: "playwright@npm:1.18.1"
  dependencies:
    playwright-core: "npm:=1.18.1"
  bin:
    playwright: cli.js
  checksum: 10c0/5a24f4b10abe6f1f1262d6e5fa269cc18a8254e192787995b9d6ea8e19e8d92c9d5cdea92839022fcf2c41c5727f89a88ea84c168a9fea8ef074e2d14e18e1d5
  languageName: node
  linkType: hard

"pngjs@npm:^5.0.0":
  version: 5.0.0
  resolution: "pngjs@npm:5.0.0"
  checksum: 10c0/c074d8a94fb75e2defa8021e85356bf7849688af7d8ce9995b7394d57cd1a777b272cfb7c4bce08b8d10e71e708e7717c81fd553a413f21840c548ec9d4893c6
  languageName: node
  linkType: hard

"progress@npm:^2.0.3":
  version: 2.0.3
  resolution: "progress@npm:2.0.3"
  checksum: 10c0/1697e07cb1068055dbe9fe858d242368ff5d2073639e652b75a7eb1f2a1a8d4afd404d719de23c7b48481a6aa0040686310e2dac2f53d776daa2176d3f96369c
  languageName: node
  linkType: hard

"proper-lockfile@npm:^4.1.1":
  version: 4.1.2
  resolution: "proper-lockfile@npm:4.1.2"
  dependencies:
    graceful-fs: "npm:^4.2.4"
    retry: "npm:^0.12.0"
    signal-exit: "npm:^3.0.2"
  checksum: 10c0/2f265dbad15897a43110a02dae55105c04d356ec4ed560723dcb9f0d34bc4fb2f13f79bb930e7561be10278e2314db5aca2527d5d3dcbbdee5e6b331d1571f6d
  languageName: node
  linkType: hard

"protobufjs@npm:^7.3.0":
  version: 7.4.0
  resolution: "protobufjs@npm:7.4.0"
  dependencies:
    "@protobufjs/aspromise": "npm:^1.1.2"
    "@protobufjs/base64": "npm:^1.1.2"
    "@protobufjs/codegen": "npm:^2.0.4"
    "@protobufjs/eventemitter": "npm:^1.1.0"
    "@protobufjs/fetch": "npm:^1.1.0"
    "@protobufjs/float": "npm:^1.0.2"
    "@protobufjs/inquire": "npm:^1.1.0"
    "@protobufjs/path": "npm:^1.1.2"
    "@protobufjs/pool": "npm:^1.1.0"
    "@protobufjs/utf8": "npm:^1.1.0"
    "@types/node": "npm:>=13.7.0"
    long: "npm:^5.0.0"
  checksum: 10c0/a5460a63fe596523b9a067cbce39a6b310d1a71750fda261f076535662aada97c24450e18c5bc98a27784f70500615904ff1227e1742183509f0db4fdede669b
  languageName: node
  linkType: hard

"proxy-from-env@npm:^1.1.0":
  version: 1.1.0
  resolution: "proxy-from-env@npm:1.1.0"
  checksum: 10c0/fe7dd8b1bdbbbea18d1459107729c3e4a2243ca870d26d34c2c1bcd3e4425b7bcc5112362df2d93cc7fb9746f6142b5e272fd1cc5c86ddf8580175186f6ad42b
  languageName: node
  linkType: hard

"pump@npm:^3.0.0":
  version: 3.0.0
  resolution: "pump@npm:3.0.0"
  dependencies:
    end-of-stream: "npm:^1.1.0"
    once: "npm:^1.3.1"
  checksum: 10c0/bbdeda4f747cdf47db97428f3a135728669e56a0ae5f354a9ac5b74556556f5446a46f720a8f14ca2ece5be9b4d5d23c346db02b555f46739934cc6c093a5478
  languageName: node
  linkType: hard

"retry@npm:^0.12.0":
  version: 0.12.0
  resolution: "retry@npm:0.12.0"
  checksum: 10c0/59933e8501727ba13ad73ef4a04d5280b3717fd650408460c987392efe9d7be2040778ed8ebe933c5cbd63da3dcc37919c141ef8af0a54a6e4fca5a2af177bfe
  languageName: node
  linkType: hard

"rimraf@npm:^3.0.2":
  version: 3.0.2
  resolution: "rimraf@npm:3.0.2"
  dependencies:
    glob: "npm:^7.1.3"
  bin:
    rimraf: bin.js
  checksum: 10c0/9cb7757acb489bd83757ba1a274ab545eafd75598a9d817e0c3f8b164238dd90eba50d6b848bd4dcc5f3040912e882dc7ba71653e35af660d77b25c381d402e8
  languageName: node
  linkType: hard

"root-workspace-0b6124@workspace:.":
  version: 0.0.0-use.local
  resolution: "root-workspace-0b6124@workspace:."
  dependencies:
    "@fishjam-cloud/ts-client": "https://github.com/fishjam-cloud/web-client-sdk.git#workspace=@fishjam-cloud/ts-client&head=ex_webrtc_poc"
    phoenix: "file:../deps/phoenix"
    playwright: "npm:1.18.1"
  languageName: unknown
  linkType: soft

"rxjs@npm:*":
  version: 7.8.1
  resolution: "rxjs@npm:7.8.1"
  dependencies:
    tslib: "npm:^2.1.0"
  checksum: 10c0/3c49c1ecd66170b175c9cacf5cef67f8914dcbc7cd0162855538d365c83fea631167cacb644b3ce533b2ea0e9a4d0b12175186985f89d75abe73dbd8f7f06f68
  languageName: node
  linkType: hard

"signal-exit@npm:^3.0.2":
  version: 3.0.7
  resolution: "signal-exit@npm:3.0.7"
  checksum: 10c0/25d272fa73e146048565e08f3309d5b942c1979a6f4a58a8c59d5fa299728e9c2fcd1a759ec870863b1fd38653670240cd420dad2ad9330c71f36608a6a1c912
  languageName: node
  linkType: hard

"smart-buffer@npm:^4.2.0":
  version: 4.2.0
  resolution: "smart-buffer@npm:4.2.0"
  checksum: 10c0/a16775323e1404dd43fabafe7460be13a471e021637bc7889468eb45ce6a6b207261f454e4e530a19500cc962c4cc5348583520843b363f4193cee5c00e1e539
  languageName: node
  linkType: hard

"socks-proxy-agent@npm:^6.1.0":
  version: 6.2.1
  resolution: "socks-proxy-agent@npm:6.2.1"
  dependencies:
    agent-base: "npm:^6.0.2"
    debug: "npm:^4.3.3"
    socks: "npm:^2.6.2"
  checksum: 10c0/d75c1cf1fdd7f8309a43a77f84409b793fc0f540742ef915154e70ac09a08b0490576fe85d4f8d68bbf80e604a62957a17ab5ef50d312fe1442b0ab6f8f6e6f6
  languageName: node
  linkType: hard

"socks@npm:^2.6.2":
  version: 2.8.3
  resolution: "socks@npm:2.8.3"
  dependencies:
    ip-address: "npm:^9.0.5"
    smart-buffer: "npm:^4.2.0"
  checksum: 10c0/d54a52bf9325165770b674a67241143a3d8b4e4c8884560c4e0e078aace2a728dffc7f70150660f51b85797c4e1a3b82f9b7aa25e0a0ceae1a243365da5c51a7
  languageName: node
  linkType: hard

"sprintf-js@npm:^1.1.3":
  version: 1.1.3
  resolution: "sprintf-js@npm:1.1.3"
  checksum: 10c0/09270dc4f30d479e666aee820eacd9e464215cdff53848b443964202bf4051490538e5dd1b42e1a65cf7296916ca17640aebf63dae9812749c7542ee5f288dec
  languageName: node
  linkType: hard

"stack-utils@npm:^2.0.3":
  version: 2.0.6
  resolution: "stack-utils@npm:2.0.6"
  dependencies:
    escape-string-regexp: "npm:^2.0.0"
  checksum: 10c0/651c9f87667e077584bbe848acaecc6049bc71979f1e9a46c7b920cad4431c388df0f51b8ad7cfd6eed3db97a2878d0fc8b3122979439ea8bac29c61c95eec8a
  languageName: node
  linkType: hard

"tslib@npm:^2.1.0":
  version: 2.7.0
  resolution: "tslib@npm:2.7.0"
  checksum: 10c0/469e1d5bf1af585742128827000711efa61010b699cb040ab1800bcd3ccdd37f63ec30642c9e07c4439c1db6e46345582614275daca3e0f4abae29b0083f04a6
  languageName: node
  linkType: hard

"typed-emitter@npm:^2.1.0":
  version: 2.1.0
  resolution: "typed-emitter@npm:2.1.0"
  dependencies:
    rxjs: "npm:*"
  dependenciesMeta:
    rxjs:
      optional: true
  checksum: 10c0/01fc354ba8e87bd39b1bf4fe1c96fe7ecff7fde83161003b0f8c7f4b285a368052e185ba655dd8c102c4445301b7a1e032c8972f181b440fc95bd810450f1314
  languageName: node
  linkType: hard

"undici-types@npm:~6.19.2":
  version: 6.19.8
  resolution: "undici-types@npm:6.19.8"
  checksum: 10c0/078afa5990fba110f6824823ace86073b4638f1d5112ee26e790155f481f2a868cc3e0615505b6f4282bdf74a3d8caad715fd809e870c2bb0704e3ea6082f344
  languageName: node
  linkType: hard

"uuid@npm:^10.0.0":
  version: 10.0.0
  resolution: "uuid@npm:10.0.0"
  bin:
    uuid: dist/bin/uuid
  checksum: 10c0/eab18c27fe4ab9fb9709a5d5f40119b45f2ec8314f8d4cf12ce27e4c6f4ffa4a6321dc7db6c515068fa373c075b49691ba969f0010bf37f44c37ca40cd6bf7fe
  languageName: node
  linkType: hard

"wrappy@npm:1":
  version: 1.0.2
  resolution: "wrappy@npm:1.0.2"
  checksum: 10c0/56fece1a4018c6a6c8e28fbc88c87e0fbf4ea8fd64fc6c63b18f4acc4bd13e0ad2515189786dd2c30d3eec9663d70f4ecf699330002f8ccb547e4a18231fc9f0
  languageName: node
  linkType: hard

"ws@npm:^7.4.6":
  version: 7.5.10
  resolution: "ws@npm:7.5.10"
  peerDependencies:
    bufferutil: ^4.0.1
    utf-8-validate: ^5.0.2
  peerDependenciesMeta:
    bufferutil:
      optional: true
    utf-8-validate:
      optional: true
  checksum: 10c0/bd7d5f4aaf04fae7960c23dcb6c6375d525e00f795dd20b9385902bd008c40a94d3db3ce97d878acc7573df852056ca546328b27b39f47609f80fb22a0a9b61d
  languageName: node
  linkType: hard

"yauzl@npm:^2.10.0":
  version: 2.10.0
  resolution: "yauzl@npm:2.10.0"
  dependencies:
    buffer-crc32: "npm:~0.2.3"
    fd-slicer: "npm:~1.1.0"
  checksum: 10c0/f265002af7541b9ec3589a27f5fb8f11cf348b53cc15e2751272e3c062cd73f3e715bc72d43257de71bbaecae446c3f1b14af7559e8ab0261625375541816422
  languageName: node
  linkType: hard

"yazl@npm:^2.5.1":
  version: 2.5.1
  resolution: "yazl@npm:2.5.1"
  dependencies:
    buffer-crc32: "npm:~0.2.3"
  checksum: 10c0/61a14fcf47246f1a667509809e1034d9548ef7a57cec94bc0395fa0ba74beaa6a412783b99ae59ee33e26e611929b909734f0aa5d1b32f811b206917f85fe87a
  languageName: node
  linkType: hard
