{
    "name": "assets",
    "lockfileVersion": 3,
    "requires": true,
    "packages": {
        "": {
            "license": "MIT",
            "dependencies": {
                "@jellyfish-dev/membrane-webrtc-js": "github:jellyfish-dev/membrane-webrtc-js#notify-turn-off-simulcast-layer",
                "phoenix": "file:../deps/phoenix",
                "playwright": "1.18.1"
            }
        },
        "../deps/phoenix": {
            "version": "1.6.16",
            "license": "MIT"
        },
        "node_modules/@jellyfish-dev/membrane-webrtc-js": {
            "version": "0.6.3",
            "resolved": "git+ssh://git@github.com/jellyfish-dev/membrane-webrtc-js.git#ad87e7ea2d3c2adf54b0a46b8f3e618c0c6625c0",
            "license": "Apache-2.0",
            "dependencies": {
                "events": "^3.3.0",
                "typed-emitter": "^2.1.0",
                "uuid": "^9.0.1"
            }
        },
        "node_modules/@types/node": {
            "version": "20.3.1",
            "resolved": "https://registry.npmjs.org/@types/node/-/node-20.3.1.tgz",
            "integrity": "sha512-EhcH/wvidPy1WeML3TtYFGR83UzjxeWRen9V402T8aUGYsCHOmfoisV3ZSg03gAFIbLq8TnWOJ0f4cALtnSEUg==",
            "optional": true
        },
        "node_modules/@types/yauzl": {
            "version": "2.10.0",
            "resolved": "https://registry.npmjs.org/@types/yauzl/-/yauzl-2.10.0.tgz",
            "integrity": "sha512-Cn6WYCm0tXv8p6k+A8PvbDG763EDpBoTzHdA+Q/MF6H3sapGjCm9NzoaJncJS9tUKSuCoDs9XHxYYsQDgxR6kw==",
            "optional": true,
            "dependencies": {
                "@types/node": "*"
            }
        },
        "node_modules/agent-base": {
            "version": "6.0.2",
            "resolved": "https://registry.npmjs.org/agent-base/-/agent-base-6.0.2.tgz",
            "integrity": "sha512-RZNwNclF7+MS/8bDg70amg32dyeZGZxiDuQmZxKLAlQjr3jGyLx+4Kkk58UO7D2QdgFIQCovuSuZESne6RG6XQ==",
            "dependencies": {
                "debug": "4"
            },
            "engines": {
                "node": ">= 6.0.0"
            }
        },
        "node_modules/balanced-match": {
            "version": "1.0.2",
            "resolved": "https://registry.npmjs.org/balanced-match/-/balanced-match-1.0.2.tgz",
            "integrity": "sha512-3oSeUO0TMV67hN1AmbXsK4yaqU7tjiHlbxRDZOpH0KW9+CeX4bRAaX0Anxt0tx2MrpRpWwQaPwIlISEJhYU5Pw=="
        },
        "node_modules/brace-expansion": {
            "version": "1.1.11",
            "resolved": "https://registry.npmjs.org/brace-expansion/-/brace-expansion-1.1.11.tgz",
            "integrity": "sha512-iCuPHDFgrHX7H2vEI/5xpz07zSHB00TpugqhmYtVmMO6518mCuRMoOYFldEBl0g187ufozdaHgWKcYFb61qGiA==",
            "dependencies": {
                "balanced-match": "^1.0.0",
                "concat-map": "0.0.1"
            }
        },
        "node_modules/buffer-crc32": {
            "version": "0.2.13",
            "resolved": "https://registry.npmjs.org/buffer-crc32/-/buffer-crc32-0.2.13.tgz",
            "integrity": "sha512-VO9Ht/+p3SN7SKWqcrgEzjGbRSJYTx+Q1pTQC0wrWqHx0vpJraQ6GtHx8tvcg1rlK1byhU5gccxgOgj7B0TDkQ==",
            "engines": {
                "node": "*"
            }
        },
        "node_modules/commander": {
            "version": "8.3.0",
            "resolved": "https://registry.npmjs.org/commander/-/commander-8.3.0.tgz",
            "integrity": "sha512-OkTL9umf+He2DZkUq8f8J9of7yL6RJKI24dVITBmNfZBmri9zYZQrKkuXiKhyfPSu8tUhnVBB1iKXevvnlR4Ww==",
            "engines": {
                "node": ">= 12"
            }
        },
        "node_modules/concat-map": {
            "version": "0.0.1",
            "resolved": "https://registry.npmjs.org/concat-map/-/concat-map-0.0.1.tgz",
            "integrity": "sha512-/Srv4dswyQNBfohGpz9o6Yb3Gz3SrUDqBH5rTuhGR7ahtlbYKnVxw2bCFMRljaA7EXHaXZ8wsHdodFvbkhKmqg=="
        },
        "node_modules/debug": {
            "version": "4.3.4",
            "resolved": "https://registry.npmjs.org/debug/-/debug-4.3.4.tgz",
            "integrity": "sha512-PRWFHuSU3eDtQJPvnNY7Jcket1j0t5OuOsFzPPzsekD52Zl8qUfFIPEiswXqIvHWGVHOgX+7G/vCNNhehwxfkQ==",
            "dependencies": {
                "ms": "2.1.2"
            },
            "engines": {
                "node": ">=6.0"
            },
            "peerDependenciesMeta": {
                "supports-color": {
                    "optional": true
                }
            }
        },
        "node_modules/end-of-stream": {
            "version": "1.4.4",
            "resolved": "https://registry.npmjs.org/end-of-stream/-/end-of-stream-1.4.4.tgz",
            "integrity": "sha512-+uw1inIHVPQoaVuHzRyXd21icM+cnt4CzD5rW+NC1wjOUSTOs+Te7FOv7AhN7vS9x/oIyhLP5PR1H+phQAHu5Q==",
            "dependencies": {
                "once": "^1.4.0"
            }
        },
        "node_modules/escape-string-regexp": {
            "version": "2.0.0",
            "resolved": "https://registry.npmjs.org/escape-string-regexp/-/escape-string-regexp-2.0.0.tgz",
            "integrity": "sha512-UpzcLCXolUWcNu5HtVMHYdXJjArjsF9C0aNnquZYY4uW/Vu0miy5YoWvbV345HauVvcAUnpRuhMMcqTcGOY2+w==",
            "engines": {
                "node": ">=8"
            }
        },
        "node_modules/events": {
            "version": "3.3.0",
            "resolved": "https://registry.npmjs.org/events/-/events-3.3.0.tgz",
            "integrity": "sha512-mQw+2fkQbALzQ7V0MY0IqdnXNOeTtP4r0lN9z7AAawCXgqea7bDii20AYrIBrFd/Hx0M2Ocz6S111CaFkUcb0Q==",
            "engines": {
                "node": ">=0.8.x"
            }
        },
        "node_modules/extract-zip": {
            "version": "2.0.1",
            "resolved": "https://registry.npmjs.org/extract-zip/-/extract-zip-2.0.1.tgz",
            "integrity": "sha512-GDhU9ntwuKyGXdZBUgTIe+vXnWj0fppUEtMDL0+idd5Sta8TGpHssn/eusA9mrPr9qNDym6SxAYZjNvCn/9RBg==",
            "dependencies": {
                "debug": "^4.1.1",
                "get-stream": "^5.1.0",
                "yauzl": "^2.10.0"
            },
            "bin": {
                "extract-zip": "cli.js"
            },
            "engines": {
                "node": ">= 10.17.0"
            },
            "optionalDependencies": {
                "@types/yauzl": "^2.9.1"
            }
        },
        "node_modules/fd-slicer": {
            "version": "1.1.0",
            "resolved": "https://registry.npmjs.org/fd-slicer/-/fd-slicer-1.1.0.tgz",
            "integrity": "sha512-cE1qsB/VwyQozZ+q1dGxR8LBYNZeofhEdUNGSMbQD3Gw2lAzX9Zb3uIU6Ebc/Fmyjo9AWWfnn0AUCHqtevs/8g==",
            "dependencies": {
                "pend": "~1.2.0"
            }
        },
        "node_modules/fs.realpath": {
            "version": "1.0.0",
            "resolved": "https://registry.npmjs.org/fs.realpath/-/fs.realpath-1.0.0.tgz",
            "integrity": "sha512-OO0pH2lK6a0hZnAdau5ItzHPI6pUlvI7jMVnxUQRtw4owF2wk8lOSabtGDCTP4Ggrg2MbGnWO9X8K1t4+fGMDw=="
        },
        "node_modules/get-stream": {
            "version": "5.2.0",
            "resolved": "https://registry.npmjs.org/get-stream/-/get-stream-5.2.0.tgz",
            "integrity": "sha512-nBF+F1rAZVCu/p7rjzgA+Yb4lfYXrpl7a6VmJrU8wF9I1CKvP/QwPNZHnOlwbTkY6dvtFIzFMSyQXbLoTQPRpA==",
            "dependencies": {
                "pump": "^3.0.0"
            },
            "engines": {
                "node": ">=8"
            },
            "funding": {
                "url": "https://github.com/sponsors/sindresorhus"
            }
        },
        "node_modules/glob": {
            "version": "7.2.3",
            "resolved": "https://registry.npmjs.org/glob/-/glob-7.2.3.tgz",
            "integrity": "sha512-nFR0zLpU2YCaRxwoCJvL6UvCH2JFyFVIvwTLsIf21AuHlMskA1hhTdk+LlYJtOlYt9v6dvszD2BGRqBL+iQK9Q==",
            "dependencies": {
                "fs.realpath": "^1.0.0",
                "inflight": "^1.0.4",
                "inherits": "2",
                "minimatch": "^3.1.1",
                "once": "^1.3.0",
                "path-is-absolute": "^1.0.0"
            },
            "engines": {
                "node": "*"
            },
            "funding": {
                "url": "https://github.com/sponsors/isaacs"
            }
        },
        "node_modules/graceful-fs": {
            "version": "4.2.11",
            "resolved": "https://registry.npmjs.org/graceful-fs/-/graceful-fs-4.2.11.tgz",
            "integrity": "sha512-RbJ5/jmFcNNCcDV5o9eTnBLJ/HszWV0P73bc+Ff4nS/rJj+YaS6IGyiOL0VoBYX+l1Wrl3k63h/KrH+nhJ0XvQ=="
        },
        "node_modules/https-proxy-agent": {
            "version": "5.0.1",
            "resolved": "https://registry.npmjs.org/https-proxy-agent/-/https-proxy-agent-5.0.1.tgz",
            "integrity": "sha512-dFcAjpTQFgoLMzC2VwU+C/CbS7uRL0lWmxDITmqm7C+7F0Odmj6s9l6alZc6AELXhrnggM2CeWSXHGOdX2YtwA==",
            "dependencies": {
                "agent-base": "6",
                "debug": "4"
            },
            "engines": {
                "node": ">= 6"
            }
        },
        "node_modules/inflight": {
            "version": "1.0.6",
            "resolved": "https://registry.npmjs.org/inflight/-/inflight-1.0.6.tgz",
            "integrity": "sha512-k92I/b08q4wvFscXCLvqfsHCrjrF7yiXsQuIVvVE7N82W3+aqpzuUdBbfhWcy/FZR3/4IgflMgKLOsvPDrGCJA==",
            "dependencies": {
                "once": "^1.3.0",
                "wrappy": "1"
            }
        },
        "node_modules/inherits": {
            "version": "2.0.4",
            "resolved": "https://registry.npmjs.org/inherits/-/inherits-2.0.4.tgz",
            "integrity": "sha512-k/vGaX4/Yla3WzyMCvTQOXYeIHvqOKtnqBduzTHpzpQZzAskKMhZ2K+EnBiSM9zGSoIFeMpXKxa4dYeZIQqewQ=="
        },
        "node_modules/ip": {
            "version": "2.0.0",
            "resolved": "https://registry.npmjs.org/ip/-/ip-2.0.0.tgz",
            "integrity": "sha512-WKa+XuLG1A1R0UWhl2+1XQSi+fZWMsYKffMZTTYsiZaUD8k2yDAj5atimTUD2TZkyCkNEeYE5NhFZmupOGtjYQ=="
        },
        "node_modules/jpeg-js": {
            "version": "0.4.4",
            "resolved": "https://registry.npmjs.org/jpeg-js/-/jpeg-js-0.4.4.tgz",
            "integrity": "sha512-WZzeDOEtTOBK4Mdsar0IqEU5sMr3vSV2RqkAIzUEV2BHnUfKGyswWFPFwK5EeDo93K3FohSHbLAjj0s1Wzd+dg=="
        },
        "node_modules/mime": {
            "version": "2.6.0",
            "resolved": "https://registry.npmjs.org/mime/-/mime-2.6.0.tgz",
            "integrity": "sha512-USPkMeET31rOMiarsBNIHZKLGgvKc/LrjofAnBlOttf5ajRvqiRA8QsenbcooctK6d6Ts6aqZXBA+XbkKthiQg==",
            "bin": {
                "mime": "cli.js"
            },
            "engines": {
                "node": ">=4.0.0"
            }
        },
        "node_modules/minimatch": {
            "version": "3.1.2",
            "resolved": "https://registry.npmjs.org/minimatch/-/minimatch-3.1.2.tgz",
            "integrity": "sha512-J7p63hRiAjw1NDEww1W7i37+ByIrOWO5XQQAzZ3VOcL0PNybwpfmV/N05zFAzwQ9USyEcX6t3UO+K5aqBQOIHw==",
            "dependencies": {
                "brace-expansion": "^1.1.7"
            },
            "engines": {
                "node": "*"
            }
        },
        "node_modules/ms": {
            "version": "2.1.2",
            "resolved": "https://registry.npmjs.org/ms/-/ms-2.1.2.tgz",
            "integrity": "sha512-sGkPx+VjMtmA6MX27oA4FBFELFCZZ4S4XqeGOXCv68tT+jb3vk/RyaKWP0PTKyWtmLSM0b+adUTEvbs1PEaH2w=="
        },
        "node_modules/once": {
            "version": "1.4.0",
            "resolved": "https://registry.npmjs.org/once/-/once-1.4.0.tgz",
            "integrity": "sha512-lNaJgI+2Q5URQBkccEKHTQOPaXdUxnZZElQTZY0MFUAuaEqe1E+Nyvgdz/aIyNi6Z9MzO5dv1H8n58/GELp3+w==",
            "dependencies": {
                "wrappy": "1"
            }
        },
        "node_modules/path-is-absolute": {
            "version": "1.0.1",
            "resolved": "https://registry.npmjs.org/path-is-absolute/-/path-is-absolute-1.0.1.tgz",
            "integrity": "sha512-AVbw3UJ2e9bq64vSaS9Am0fje1Pa8pbGqTTsmXfaIiMpnr5DlDhfJOuLj9Sf95ZPVDAUerDfEk88MPmPe7UCQg==",
            "engines": {
                "node": ">=0.10.0"
            }
        },
        "node_modules/pend": {
            "version": "1.2.0",
            "resolved": "https://registry.npmjs.org/pend/-/pend-1.2.0.tgz",
            "integrity": "sha512-F3asv42UuXchdzt+xXqfW1OGlVBe+mxa2mqI0pg5yAHZPvFmY3Y6drSf/GQ1A86WgWEN9Kzh/WrgKa6iGcHXLg=="
        },
        "node_modules/phoenix": {
            "resolved": "../deps/phoenix",
            "link": true
        },
        "node_modules/playwright": {
            "version": "1.18.1",
            "resolved": "https://registry.npmjs.org/playwright/-/playwright-1.18.1.tgz",
            "integrity": "sha512-8EaX9EtbtAoMq5tnzIsoA3b/V86V/6Mq2skuOU4qEw+5OVxs1lwesDwmjy/RVU1Qfx5UuwSQzhp45wyH22oa+A==",
            "hasInstallScript": true,
            "dependencies": {
                "playwright-core": "=1.18.1"
            },
            "bin": {
                "playwright": "cli.js"
            },
            "engines": {
                "node": ">=12"
            }
        },
        "node_modules/playwright-core": {
            "version": "1.18.1",
            "resolved": "https://registry.npmjs.org/playwright-core/-/playwright-core-1.18.1.tgz",
            "integrity": "sha512-NALGl8R1GHzGLlhUApmpmfh6M1rrrPcDTygWvhTbprxwGB9qd/j9DRwyn4HTQcUB6o0/VOpo46fH9ez3+D/Rog==",
            "dependencies": {
                "commander": "^8.2.0",
                "debug": "^4.1.1",
                "extract-zip": "^2.0.1",
                "https-proxy-agent": "^5.0.0",
                "jpeg-js": "^0.4.2",
                "mime": "^2.4.6",
                "pngjs": "^5.0.0",
                "progress": "^2.0.3",
                "proper-lockfile": "^4.1.1",
                "proxy-from-env": "^1.1.0",
                "rimraf": "^3.0.2",
                "socks-proxy-agent": "^6.1.0",
                "stack-utils": "^2.0.3",
                "ws": "^7.4.6",
                "yauzl": "^2.10.0",
                "yazl": "^2.5.1"
            },
            "bin": {
                "playwright": "cli.js"
            },
            "engines": {
                "node": ">=12"
            }
        },
        "node_modules/pngjs": {
            "version": "5.0.0",
            "resolved": "https://registry.npmjs.org/pngjs/-/pngjs-5.0.0.tgz",
            "integrity": "sha512-40QW5YalBNfQo5yRYmiw7Yz6TKKVr3h6970B2YE+3fQpsWcrbj1PzJgxeJ19DRQjhMbKPIuMY8rFaXc8moolVw==",
            "engines": {
                "node": ">=10.13.0"
            }
        },
        "node_modules/progress": {
            "version": "2.0.3",
            "resolved": "https://registry.npmjs.org/progress/-/progress-2.0.3.tgz",
            "integrity": "sha512-7PiHtLll5LdnKIMw100I+8xJXR5gW2QwWYkT6iJva0bXitZKa/XMrSbdmg3r2Xnaidz9Qumd0VPaMrZlF9V9sA==",
            "engines": {
                "node": ">=0.4.0"
            }
        },
        "node_modules/proper-lockfile": {
            "version": "4.1.2",
            "resolved": "https://registry.npmjs.org/proper-lockfile/-/proper-lockfile-4.1.2.tgz",
            "integrity": "sha512-TjNPblN4BwAWMXU8s9AEz4JmQxnD1NNL7bNOY/AKUzyamc379FWASUhc/K1pL2noVb+XmZKLL68cjzLsiOAMaA==",
            "dependencies": {
                "graceful-fs": "^4.2.4",
                "retry": "^0.12.0",
                "signal-exit": "^3.0.2"
            }
        },
        "node_modules/proxy-from-env": {
            "version": "1.1.0",
            "resolved": "https://registry.npmjs.org/proxy-from-env/-/proxy-from-env-1.1.0.tgz",
            "integrity": "sha512-D+zkORCbA9f1tdWRK0RaCR3GPv50cMxcrz4X8k5LTSUD1Dkw47mKJEZQNunItRTkWwgtaUSo1RVFRIG9ZXiFYg=="
        },
        "node_modules/pump": {
            "version": "3.0.0",
            "resolved": "https://registry.npmjs.org/pump/-/pump-3.0.0.tgz",
            "integrity": "sha512-LwZy+p3SFs1Pytd/jYct4wpv49HiYCqd9Rlc5ZVdk0V+8Yzv6jR5Blk3TRmPL1ft69TxP0IMZGJ+WPFU2BFhww==",
            "dependencies": {
                "end-of-stream": "^1.1.0",
                "once": "^1.3.1"
            }
        },
        "node_modules/retry": {
            "version": "0.12.0",
            "resolved": "https://registry.npmjs.org/retry/-/retry-0.12.0.tgz",
            "integrity": "sha512-9LkiTwjUh6rT555DtE9rTX+BKByPfrMzEAtnlEtdEwr3Nkffwiihqe2bWADg+OQRjt9gl6ICdmB/ZFDCGAtSow==",
            "engines": {
                "node": ">= 4"
            }
        },
        "node_modules/rimraf": {
            "version": "3.0.2",
            "resolved": "https://registry.npmjs.org/rimraf/-/rimraf-3.0.2.tgz",
            "integrity": "sha512-JZkJMZkAGFFPP2YqXZXPbMlMBgsxzE8ILs4lMIX/2o0L9UBw9O/Y3o6wFw/i9YLapcUJWwqbi3kdxIPdC62TIA==",
            "dependencies": {
                "glob": "^7.1.3"
            },
            "bin": {
                "rimraf": "bin.js"
            },
            "funding": {
                "url": "https://github.com/sponsors/isaacs"
            }
        },
        "node_modules/rxjs": {
            "version": "7.8.1",
            "resolved": "https://registry.npmjs.org/rxjs/-/rxjs-7.8.1.tgz",
            "integrity": "sha512-AA3TVj+0A2iuIoQkWEK/tqFjBq2j+6PO6Y0zJcvzLAFhEFIO3HL0vls9hWLncZbAAbK0mar7oZ4V079I/qPMxg==",
            "optional": true,
            "dependencies": {
                "tslib": "^2.1.0"
            }
        },
        "node_modules/signal-exit": {
            "version": "3.0.7",
            "resolved": "https://registry.npmjs.org/signal-exit/-/signal-exit-3.0.7.tgz",
            "integrity": "sha512-wnD2ZE+l+SPC/uoS0vXeE9L1+0wuaMqKlfz9AMUo38JsyLSBWSFcHR1Rri62LZc12vLr1gb3jl7iwQhgwpAbGQ=="
        },
        "node_modules/smart-buffer": {
            "version": "4.2.0",
            "resolved": "https://registry.npmjs.org/smart-buffer/-/smart-buffer-4.2.0.tgz",
            "integrity": "sha512-94hK0Hh8rPqQl2xXc3HsaBoOXKV20MToPkcXvwbISWLEs+64sBq5kFgn2kJDHb1Pry9yrP0dxrCI9RRci7RXKg==",
            "engines": {
                "node": ">= 6.0.0",
                "npm": ">= 3.0.0"
            }
        },
        "node_modules/socks": {
            "version": "2.7.1",
            "resolved": "https://registry.npmjs.org/socks/-/socks-2.7.1.tgz",
            "integrity": "sha512-7maUZy1N7uo6+WVEX6psASxtNlKaNVMlGQKkG/63nEDdLOWNbiUMoLK7X4uYoLhQstau72mLgfEWcXcwsaHbYQ==",
            "dependencies": {
                "ip": "^2.0.0",
                "smart-buffer": "^4.2.0"
            },
            "engines": {
                "node": ">= 10.13.0",
                "npm": ">= 3.0.0"
            }
        },
        "node_modules/socks-proxy-agent": {
            "version": "6.2.1",
            "resolved": "https://registry.npmjs.org/socks-proxy-agent/-/socks-proxy-agent-6.2.1.tgz",
            "integrity": "sha512-a6KW9G+6B3nWZ1yB8G7pJwL3ggLy1uTzKAgCb7ttblwqdz9fMGJUuTy3uFzEP48FAs9FLILlmzDlE2JJhVQaXQ==",
            "dependencies": {
                "agent-base": "^6.0.2",
                "debug": "^4.3.3",
                "socks": "^2.6.2"
            },
            "engines": {
                "node": ">= 10"
            }
        },
        "node_modules/stack-utils": {
            "version": "2.0.6",
            "resolved": "https://registry.npmjs.org/stack-utils/-/stack-utils-2.0.6.tgz",
            "integrity": "sha512-XlkWvfIm6RmsWtNJx+uqtKLS8eqFbxUg0ZzLXqY0caEy9l7hruX8IpiDnjsLavoBgqCCR71TqWO8MaXYheJ3RQ==",
            "dependencies": {
                "escape-string-regexp": "^2.0.0"
            },
            "engines": {
                "node": ">=10"
            }
        },
        "node_modules/tslib": {
            "version": "2.5.3",
            "resolved": "https://registry.npmjs.org/tslib/-/tslib-2.5.3.tgz",
            "integrity": "sha512-mSxlJJwl3BMEQCUNnxXBU9jP4JBktcEGhURcPR6VQVlnP0FdDEsIaz0C35dXNGLyRfrATNofF0F5p2KPxQgB+w==",
            "optional": true
        },
        "node_modules/typed-emitter": {
            "version": "2.1.0",
            "resolved": "https://registry.npmjs.org/typed-emitter/-/typed-emitter-2.1.0.tgz",
            "integrity": "sha512-g/KzbYKbH5C2vPkaXGu8DJlHrGKHLsM25Zg9WuC9pMGfuvT+X25tZQWo5fK1BjBm8+UrVE9LDCvaY0CQk+fXDA==",
            "optionalDependencies": {
                "rxjs": "*"
            }
        },
        "node_modules/uuid": {
            "version": "9.0.1",
            "resolved": "https://registry.npmjs.org/uuid/-/uuid-9.0.1.tgz",
            "integrity": "sha512-b+1eJOlsR9K8HJpow9Ok3fiWOWSIcIzXodvv0rQjVoOVNpWMpxf1wZNpt4y9h10odCNrqnYp1OBzRktckBe3sA==",
            "funding": [
                "https://github.com/sponsors/broofa",
                "https://github.com/sponsors/ctavan"
            ],
            "bin": {
                "uuid": "dist/bin/uuid"
            }
        },
        "node_modules/wrappy": {
            "version": "1.0.2",
            "resolved": "https://registry.npmjs.org/wrappy/-/wrappy-1.0.2.tgz",
            "integrity": "sha512-l4Sp/DRseor9wL6EvV2+TuQn63dMkPjZ/sp9XkghTEbV9KlPS1xUsZ3u7/IQO4wxtcFB4bgpQPRcR3QCvezPcQ=="
        },
        "node_modules/ws": {
            "version": "7.5.9",
            "resolved": "https://registry.npmjs.org/ws/-/ws-7.5.9.tgz",
            "integrity": "sha512-F+P9Jil7UiSKSkppIiD94dN07AwvFixvLIj1Og1Rl9GGMuNipJnV9JzjD6XuqmAeiswGvUmNLjr5cFuXwNS77Q==",
            "engines": {
                "node": ">=8.3.0"
            },
            "peerDependencies": {
                "bufferutil": "^4.0.1",
                "utf-8-validate": "^5.0.2"
            },
            "peerDependenciesMeta": {
                "bufferutil": {
                    "optional": true
                },
                "utf-8-validate": {
                    "optional": true
                }
            }
        },
        "node_modules/yauzl": {
            "version": "2.10.0",
            "resolved": "https://registry.npmjs.org/yauzl/-/yauzl-2.10.0.tgz",
            "integrity": "sha512-p4a9I6X6nu6IhoGmBqAcbJy1mlC4j27vEPZX9F4L4/vZT3Lyq1VkFHw/V/PUcB9Buo+DG3iHkT0x3Qya58zc3g==",
            "dependencies": {
                "buffer-crc32": "~0.2.3",
                "fd-slicer": "~1.1.0"
            }
        },
        "node_modules/yazl": {
            "version": "2.5.1",
            "resolved": "https://registry.npmjs.org/yazl/-/yazl-2.5.1.tgz",
            "integrity": "sha512-phENi2PLiHnHb6QBVot+dJnaAZ0xosj7p3fWl+znIjBDlnMI2PsZCJZ306BPTFOaHf5qdDEI8x5qFrSOBN5vrw==",
            "dependencies": {
                "buffer-crc32": "~0.2.3"
            }
        }
    }
}
