%{
  "bimap": {:hex, :bimap, "1.1.1", "783a5f31423ffd608040985de1fc9bc17bd73c813fe79f3b3576ff574ad81d1c", [:mix], [], "hexpm", "861b630d470934ad4c5063ed795f865409473c41d80d9b897ae07f11049045ab"},
  "bunch": {:hex, :bunch, "1.3.1", "f8fe80042f9eb474ef2801ae2c9372f9b13d11e7053265dcfc24b9d912e3750b", [:mix], [], "hexpm", "00e21b16ff9bb698b728a01a2fc4b3bf7fc0e87c4bb9c6e4a442324aa8c5e567"},
  "bunch_native": {:hex, :bunch_native, "0.5.0", "8ac1536789a597599c10b652e0b526d8833348c19e4739a0759a2bedfd924e63", [:mix], [{:bundlex, "~> 1.0", [hex: :bundlex, repo: "hexpm", optional: false]}], "hexpm", "24190c760e32b23b36edeb2dc4852515c7c5b3b8675b1a864e0715bdd1c8f80d"},
  "bundlex": {:hex, :bundlex, "1.0.0", "358c26a6c027359c6935dcd0716b68736b7604599d376c4e1ac17c6618ef6771", [:mix], [{:bunch, "~> 1.0", [hex: :bunch, repo: "hexpm", optional: false]}, {:qex, "~> 0.5", [hex: :qex, repo: "hexpm", optional: false]}, {:secure_random, "~> 0.5", [hex: :secure_random, repo: "hexpm", optional: false]}], "hexpm", "09b4a0c597a31e6e7ce8e103b94f19539bb2279f5966a3d6d46dcd32a5b6fd44"},
  "castore": {:hex, :castore, "0.1.17", "ba672681de4e51ed8ec1f74ed624d104c0db72742ea1a5e74edbc770c815182f", [:mix], [], "hexpm", "d9844227ed52d26e7519224525cb6868650c272d4a3d327ce3ca5570c12163f9"},
  "coerce": {:hex, :coerce, "1.0.1", "211c27386315dc2894ac11bc1f413a0e38505d808153367bd5c6e75a4003d096", [:mix], [], "hexpm", "b44a691700f7a1a15b4b7e2ff1fa30bebd669929ac8aa43cffe9e2f8bf051cf1"},
  "cowboy": {:hex, :cowboy, "2.9.0", "865dd8b6607e14cf03282e10e934023a1bd8be6f6bacf921a7e2a96d800cd452", [:make, :rebar3], [{:cowlib, "2.11.0", [hex: :cowlib, repo: "hexpm", optional: false]}, {:ranch, "1.8.0", [hex: :ranch, repo: "hexpm", optional: false]}], "hexpm", "2c729f934b4e1aa149aff882f57c6372c15399a20d54f65c8d67bef583021bde"},
  "cowboy_telemetry": {:hex, :cowboy_telemetry, "0.4.0", "f239f68b588efa7707abce16a84d0d2acf3a0f50571f8bb7f56a15865aae820c", [:rebar3], [{:cowboy, "~> 2.7", [hex: :cowboy, repo: "hexpm", optional: false]}, {:telemetry, "~> 1.0", [hex: :telemetry, repo: "hexpm", optional: false]}], "hexpm", "7d98bac1ee4565d31b62d59f8823dfd8356a169e7fcbb83831b8a5397404c9de"},
  "cowlib": {:hex, :cowlib, "2.11.0", "0b9ff9c346629256c42ebe1eeb769a83c6cb771a6ee5960bd110ab0b9b872063", [:make, :rebar3], [], "hexpm", "2b3e9da0b21c4565751a6d4901c20d1b4cc25cbb7fd50d91d2ab6dd287bc86a9"},
  "decorator": {:hex, :decorator, "1.4.0", "a57ac32c823ea7e4e67f5af56412d12b33274661bb7640ec7fc882f8d23ac419", [:mix], [], "hexpm", "0a07cedd9083da875c7418dea95b78361197cf2bf3211d743f6f7ce39656597f"},
  "esbuild": {:hex, :esbuild, "0.5.0", "d5bb08ff049d7880ee3609ed5c4b864bd2f46445ea40b16b4acead724fb4c4a3", [:mix], [{:castore, ">= 0.0.0", [hex: :castore, repo: "hexpm", optional: false]}], "hexpm", "f183a0b332d963c4cfaf585477695ea59eef9a6f2204fdd0efa00e099694ffe5"},
  "ex_dtls": {:hex, :ex_dtls, "0.11.0", "cd7d552e7716c6cd9e181b6e7530fad9eb61e63a9f1de934688ef550ab047ffb", [:mix], [{:unifex, "~> 1.0", [hex: :unifex, repo: "hexpm", optional: false]}], "hexpm", "dcbe9a8830cbdfa3f1a0c4a509b7f778c54ef4ca2778c24fdcbd9db65f181ce8"},
  "ex_libsrtp": {:hex, :ex_libsrtp, "0.4.0", "c30898f11e3069826c813ae7dee293fa59dfb633251e203be77c4ca2c223ed2c", [:mix], [{:bunch, "~> 1.3", [hex: :bunch, repo: "hexpm", optional: false]}, {:unifex, "~> 1.0", [hex: :unifex, repo: "hexpm", optional: false]}], "hexpm", "a5d25860db0030cdbf0bd50d467180426f57d597a841bc03e6730e3c12107137"},
  "ex_sdp": {:hex, :ex_sdp, "0.7.0", "5212fcf36997350470d644ebab0772f0d3c899f82208d4ae9c4954287567b5b2", [:mix], [{:bunch, "~> 1.3", [hex: :bunch, repo: "hexpm", optional: false]}, {:uuid, "~> 1.1", [hex: :uuid, repo: "hexpm", optional: false]}], "hexpm", "2191070856a012c6f5a658e511eed6b0fc411e231240205ddcba4dfeddaf89dc"},
  "fake_turn": {:hex, :fake_turn, "0.2.3", "ecf579e8e596d372cfe1c6cd71c161e1dc2822959fe82e4b2cd09abfe21bf38f", [:rebar3], [{:fast_tls, "1.1.13", [hex: :fast_tls, repo: "hexpm", optional: false]}, {:p1_utils, "1.0.23", [hex: :p1_utils, repo: "hexpm", optional: false]}], "hexpm", "da1fff260fe65f0d5a38db0ff76456a864f35c5f2174b4bd61a047e32c3a9684"},
  "fast_tls": {:hex, :fast_tls, "1.1.13", "828cdc75e1e8fce8158846d2b971d8b4fe2b2ddcc75b759e88d751079bf78afd", [:rebar3], [{:p1_utils, "1.0.23", [hex: :p1_utils, repo: "hexpm", optional: false]}], "hexpm", "d1f422af40c7777fe534496f508ee86515cb929ad10f7d1d56aa94ce899b44a0"},
  "gun": {:hex, :gun, "1.3.3", "cf8b51beb36c22b9c8df1921e3f2bc4d2b1f68b49ad4fbc64e91875aa14e16b4", [:rebar3], [{:cowlib, "~> 2.7.0", [hex: :cowlib, repo: "hexpm", optional: false]}], "hexpm", "3106ce167f9c9723f849e4fb54ea4a4d814e3996ae243a1c828b256e749041e0"},
  "heap": {:hex, :heap, "2.0.2", "d98cb178286cfeb5edbcf17785e2d20af73ca57b5a2cf4af584118afbcf917eb", [:mix], [], "hexpm", "ba9ea2fe99eb4bcbd9a8a28eaf71cbcac449ca1d8e71731596aace9028c9d429"},
  "jason": {:hex, :jason, "1.3.0", "fa6b82a934feb176263ad2df0dbd91bf633d4a46ebfdffea0c8ae82953714946", [:mix], [{:decimal, "~> 1.0 or ~> 2.0", [hex: :decimal, repo: "hexpm", optional: true]}], "hexpm", "53fc1f51255390e0ec7e50f9cb41e751c260d065dcba2bf0d08dc51a4002c2ac"},
  "membrane_common_c": {:hex, :membrane_common_c, "0.13.0", "c314623f93209eb2fa092379954c686f6e50ac89baa48360f836d24f4d53f5ee", [:mix], [{:membrane_core, "~> 0.10.0", [hex: :membrane_core, repo: "hexpm", optional: false]}, {:shmex, "~> 0.5.0", [hex: :shmex, repo: "hexpm", optional: false]}, {:unifex, "~> 1.0", [hex: :unifex, repo: "hexpm", optional: false]}], "hexpm", "90181fbbe481ccd0a4a76daf0300f8ad1b5b0bf0ebd8b42c133904f8839663ca"},
  "membrane_core": {:hex, :membrane_core, "0.10.1", "b4fb68d9e541888b60ebbf4e22c4913a84f35c955846b7df26154cb7c5ce0f78", [:mix], [{:bunch, "~> 1.3", [hex: :bunch, repo: "hexpm", optional: false]}, {:qex, "~> 0.3", [hex: :qex, repo: "hexpm", optional: false]}, {:ratio, "~> 2.0", [hex: :ratio, repo: "hexpm", optional: false]}, {:telemetry, "~> 1.0", [hex: :telemetry, repo: "hexpm", optional: false]}], "hexpm", "d039f67d00cb1c1608b1e4f03cea8a9b5a88ff0fef3f61f54dc65e515b9dc286"},
  "membrane_file_plugin": {:hex, :membrane_file_plugin, "0.12.0", "eb940e7a2f2abf30e048bd0b7c2bef9c17c18aa58875b9a833c0bc7e7b1fd709", [:mix], [{:membrane_core, "~> 0.10.0", [hex: :membrane_core, repo: "hexpm", optional: false]}], "hexpm", "281b9bf9467beead3f973adce55b9844bc4206bb3f3f60f0db8320a4af4fc5ca"},
  "membrane_funnel_plugin": {:hex, :membrane_funnel_plugin, "0.6.0", "9304062f458a56cb7fc3d7246f30fe90e25c0643801e432731555120c6396c86", [:mix], [{:membrane_core, "~> 0.10.0", [hex: :membrane_core, repo: "hexpm", optional: false]}], "hexpm", "4af002ecb070371de0d2f8ce6713ca81f6005ba4ae1df6a3fcc813a9cf2f348c"},
  "membrane_h264_ffmpeg_plugin": {:hex, :membrane_h264_ffmpeg_plugin, "0.21.1", "1e242c68f9c7f589b0288aa7dc39dacd01140df81a3add707ac8f1d3adbb7ced", [:mix], [{:bunch, "~> 1.3.0", [hex: :bunch, repo: "hexpm", optional: false]}, {:membrane_common_c, "~> 0.13.0", [hex: :membrane_common_c, repo: "hexpm", optional: false]}, {:membrane_core, "~> 0.10.0", [hex: :membrane_core, repo: "hexpm", optional: false]}, {:membrane_h264_format, "~> 0.3.0", [hex: :membrane_h264_format, repo: "hexpm", optional: false]}, {:membrane_raw_video_format, "~> 0.2.0", [hex: :membrane_raw_video_format, repo: "hexpm", optional: false]}, {:ratio, "~> 2.4.0", [hex: :ratio, repo: "hexpm", optional: false]}, {:unifex, "~> 1.0", [hex: :unifex, repo: "hexpm", optional: false]}], "hexpm", "76ba51c3f69c7ef2888d946ecd62026f03a1dc87b263e6887f8ba0079fcb5e1e"},
  "membrane_h264_format": {:hex, :membrane_h264_format, "0.3.0", "84426aac86c3f4d3e8110438c3514ad94aa528e7002650d40e3b3862e2af5e3e", [:mix], [], "hexpm", "8254e52cea3c5d7c078c960a32f1ba338eeae9e301515302fd293f1683fa8dd9"},
  "membrane_ice_plugin": {:hex, :membrane_ice_plugin, "0.12.0", "2757df89fa5391ce9270324ba3769903eba910f07df3c68612084f2b6486ca33", [:mix], [{:bunch, "~> 1.3.0", [hex: :bunch, repo: "hexpm", optional: false]}, {:ex_dtls, "~> 0.11.0", [hex: :ex_dtls, repo: "hexpm", optional: false]}, {:fake_turn, "~> 0.2.0", [hex: :fake_turn, repo: "hexpm", optional: false]}, {:membrane_core, "~> 0.10.0", [hex: :membrane_core, repo: "hexpm", optional: false]}, {:membrane_funnel_plugin, "~> 0.6.0", [hex: :membrane_funnel_plugin, repo: "hexpm", optional: false]}, {:membrane_rtp_format, "~> 0.5.0", [hex: :membrane_rtp_format, repo: "hexpm", optional: false]}, {:membrane_telemetry_metrics, "~> 0.1.0", [hex: :membrane_telemetry_metrics, repo: "hexpm", optional: false]}], "hexpm", "a55bb765bf02350199495985c415a3a247dbb51a99985495b6ad4d49cf7f7861"},
  "membrane_opus_format": {:hex, :membrane_opus_format, "0.3.0", "3804d9916058b7cfa2baa0131a644d8186198d64f52d592ae09e0942513cb4c2", [:mix], [], "hexpm", "8fc89c97be50de23ded15f2050fe603dcce732566fe6fdd15a2de01cb6b81afe"},
  "membrane_raw_video_format": {:hex, :membrane_raw_video_format, "0.2.0", "cda8eb207cf65c93690a19001aba3edbb2ba5d22abc8068a1f6a785ba871e8cf", [:mix], [], "hexpm", "6b716fc24f60834323637c95aaaa0f99be23fcc6a84a21af70195ef50185b634"},
  "membrane_rtp_format": {:hex, :membrane_rtp_format, "0.5.0", "1b6930453be836bcc48ff71daeea76ac969cb726c0afda7203ddbbd76ca2db37", [:mix], [{:membrane_core, "~> 0.10.0", [hex: :membrane_core, repo: "hexpm", optional: false]}], "hexpm", "cd4d5c0389b154523d42781e492617e5d02a11af0f11163008f434a9f6179d5a"},
  "membrane_rtp_h264_plugin": {:hex, :membrane_rtp_h264_plugin, "0.13.0", "39c5cbe86471336e8d5cfae0f50d1e1b219b38af908f81d7971efe48c51dfd72", [:mix], [{:bunch, "~> 1.3", [hex: :bunch, repo: "hexpm", optional: false]}, {:membrane_core, "~> 0.10.0", [hex: :membrane_core, repo: "hexpm", optional: false]}, {:membrane_h264_format, "~> 0.3.0", [hex: :membrane_h264_format, repo: "hexpm", optional: false]}, {:membrane_rtp_format, "0.5.0", [hex: :membrane_rtp_format, repo: "hexpm", optional: false]}], "hexpm", "ace81e2783bc63ce54b1375ceb5c2e9c28114f6d03bfad8545b10a88403d1a47"},
  "membrane_rtp_opus_plugin": {:hex, :membrane_rtp_opus_plugin, "0.6.0", "3cb0e7f255567160077a6f8cb5ec4d9193aded19b83561a8a9d9c64a9594f55c", [:mix], [{:membrane_core, "~> 0.10.0", [hex: :membrane_core, repo: "hexpm", optional: false]}, {:membrane_opus_format, "~> 0.3.0", [hex: :membrane_opus_format, repo: "hexpm", optional: false]}, {:membrane_rtp_format, "~> 0.5.0", [hex: :membrane_rtp_format, repo: "hexpm", optional: false]}], "hexpm", "66c54bd9b041dade42c847c0184c633503cf2b829de1ebbf6cacabf4b5e7e9b0"},
  "membrane_rtp_plugin": {:hex, :membrane_rtp_plugin, "0.14.0", "f1838844818cd4c227da5062113c1a4f91c7c514e3f31a9b9ea092e41192ac1d", [:mix], [{:bimap, "~> 1.1.0", [hex: :bimap, repo: "hexpm", optional: false]}, {:bunch, "~> 1.0", [hex: :bunch, repo: "hexpm", optional: false]}, {:ex_libsrtp, "~> 0.4.0", [hex: :ex_libsrtp, repo: "hexpm", optional: true]}, {:heap, "~> 2.0.2", [hex: :heap, repo: "hexpm", optional: false]}, {:membrane_core, "~> 0.10.0", [hex: :membrane_core, repo: "hexpm", optional: false]}, {:membrane_rtp_format, "~> 0.5.0", [hex: :membrane_rtp_format, repo: "hexpm", optional: false]}, {:membrane_telemetry_metrics, "~> 0.1.0", [hex: :membrane_telemetry_metrics, repo: "hexpm", optional: false]}, {:qex, "~> 0.5.1", [hex: :qex, repo: "hexpm", optional: false]}], "hexpm", "decb85000bfbcf4c5a3d83b37dbce9d33aff9a6b55b69caede86f541cbcff639"},
  "membrane_rtp_vp8_plugin": {:hex, :membrane_rtp_vp8_plugin, "0.6.0", "869974f64d1b7e6fbd88e8302f10fcd26ecb12423b7175dbd4113f4a7b398cd9", [:mix], [{:membrane_core, "~> 0.10.0", [hex: :membrane_core, repo: "hexpm", optional: false]}, {:membrane_file_plugin, "~> 0.12.0", [hex: :membrane_file_plugin, repo: "hexpm", optional: false]}, {:membrane_rtp_format, "~> 0.5.0", [hex: :membrane_rtp_format, repo: "hexpm", optional: false]}, {:membrane_vp8_format, "~> 0.4.0", [hex: :membrane_vp8_format, repo: "hexpm", optional: false]}], "hexpm", "13a231abb39473281f5d61b1d411455d1142280305ab405898c475deba9de4af"},
  "membrane_tee_plugin": {:hex, :membrane_tee_plugin, "0.9.1", "87bc24629718a43dd8b5ba7b721c5d59da43b4e954ed86ca9d2b050095c94483", [:mix], [{:bunch, "~> 1.0", [hex: :bunch, repo: "hexpm", optional: false]}, {:membrane_core, "~> 0.10.0", [hex: :membrane_core, repo: "hexpm", optional: false]}], "hexpm", "0a27e8efd5414fbe3cd7d88d812905ba7030c82a5f0b5799ad5ddbc637ac7aeb"},
  "membrane_telemetry_metrics": {:hex, :membrane_telemetry_metrics, "0.1.0", "cb93d28356b436b0597736c3e4153738d82d2a14ff547f831df7e9051e54fc06", [:mix], [{:telemetry, "~> 1.0", [hex: :telemetry, repo: "hexpm", optional: false]}, {:telemetry_metrics, "~> 0.6.1", [hex: :telemetry_metrics, repo: "hexpm", optional: false]}], "hexpm", "aba28dc8311f70ced95d984509be930fac55857d2d18bffcf768815e627be3f0"},
  "membrane_vp8_format": {:hex, :membrane_vp8_format, "0.4.0", "6c29ec67479edfbab27b11266dc92f18f3baf4421262c5c31af348c33e5b92c7", [:mix], [], "hexpm", "8bb005ede61db8fcb3535a883f32168b251c2dfd1109197c8c3b39ce28ed08e2"},
  "membrane_webrtc_plugin": {:hex, :membrane_webrtc_plugin, "0.6.0", "05f386cb2d72d96987e1f97752dbb4d523ae1c7469fc30fa1ee304d9bc08d1d8", [:mix], [{:bunch, "~> 1.3.0", [hex: :bunch, repo: "hexpm", optional: false]}, {:ex_libsrtp, "~> 0.4.0", [hex: :ex_libsrtp, repo: "hexpm", optional: false]}, {:ex_sdp, "~> 0.7.0", [hex: :ex_sdp, repo: "hexpm", optional: false]}, {:membrane_core, "~> 0.10.0", [hex: :membrane_core, repo: "hexpm", optional: false]}, {:membrane_funnel_plugin, "~> 0.6.0", [hex: :membrane_funnel_plugin, repo: "hexpm", optional: false]}, {:membrane_h264_ffmpeg_plugin, "~> 0.21.0", [hex: :membrane_h264_ffmpeg_plugin, repo: "hexpm", optional: false]}, {:membrane_ice_plugin, "~> 0.12.0", [hex: :membrane_ice_plugin, repo: "hexpm", optional: false]}, {:membrane_rtp_format, "~> 0.5.0", [hex: :membrane_rtp_format, repo: "hexpm", optional: false]}, {:membrane_rtp_h264_plugin, "~> 0.13.0", [hex: :membrane_rtp_h264_plugin, repo: "hexpm", optional: false]}, {:membrane_rtp_opus_plugin, "~> 0.6.0", [hex: :membrane_rtp_opus_plugin, repo: "hexpm", optional: false]}, {:membrane_rtp_plugin, "~> 0.14.0", [hex: :membrane_rtp_plugin, repo: "hexpm", optional: false]}, {:membrane_rtp_vp8_plugin, "~> 0.6.0", [hex: :membrane_rtp_vp8_plugin, repo: "hexpm", optional: false]}, {:open_telemetry_decorator, "~> 0.5.4", [hex: :open_telemetry_decorator, repo: "hexpm", optional: false]}, {:opentelemetry, "~> 0.6.0", [hex: :opentelemetry, repo: "hexpm", optional: false]}, {:opentelemetry_api, "~> 0.6.0", [hex: :opentelemetry_api, repo: "hexpm", optional: false]}, {:qex, "~> 0.5.0", [hex: :qex, repo: "hexpm", optional: false]}], "hexpm", "c1c904c12bdfe4d9e88bf794078451d4fc9e416343d846d7157798df8a2309b4"},
  "mime": {:hex, :mime, "2.0.2", "0b9e1a4c840eafb68d820b0e2158ef5c49385d17fb36855ac6e7e087d4b1dcc5", [:mix], [], "hexpm", "e6a3f76b4c277739e36c2e21a2c640778ba4c3846189d5ab19f97f126df5f9b7"},
  "numbers": {:hex, :numbers, "5.2.4", "f123d5bb7f6acc366f8f445e10a32bd403c8469bdbce8ce049e1f0972b607080", [:mix], [{:coerce, "~> 1.0", [hex: :coerce, repo: "hexpm", optional: false]}, {:decimal, "~> 1.9 or ~> 2.0", [hex: :decimal, repo: "hexpm", optional: true]}], "hexpm", "eeccf5c61d5f4922198395bf87a465b6f980b8b862dd22d28198c5e6fab38582"},
  "open_telemetry_decorator": {:hex, :open_telemetry_decorator, "0.5.4", "69d325d9f7fbb4fef032ce62830f42165fd60fb41a27e465f7cb9788403f0e46", [:mix], [{:decorator, "~> 1.4.0", [hex: :decorator, repo: "hexpm", optional: false]}, {:opentelemetry_api, "~> 0.6.0", [hex: :opentelemetry_api, repo: "hexpm", optional: false]}], "hexpm", "a6a96ea27c5033838b006fa94c9befb58b003bd0b9c47f5d764dfb81b7fd0dd2"},
  "opentelemetry": {:hex, :opentelemetry, "0.6.0", "7e7d5a9a66f047dad3ae7613fc7cef25af3c19692663c2f8c00b015e4845592a", [:rebar3], [{:opentelemetry_api, "~>0.6.0", [hex: :opentelemetry_api, repo: "hexpm", optional: false]}], "hexpm", "91f486315f7c4183245e1ec146563ae1073ec2044f4d186fabe9cb4841005200"},
  "opentelemetry_api": {:hex, :opentelemetry_api, "0.6.0", "749ccbfc68b3c8347e52492503a67f85da61ed898e42a592e62db88d3bcedf19", [:mix, :rebar3], [], "hexpm", "01d6a2455b42cf3aa225692210510c39727ff92f9612aea657d1395b642ad44f"},
  "p1_utils": {:hex, :p1_utils, "1.0.23", "7f94466ada69bd982ea7bb80fbca18e7053e7d0b82c9d9e37621fa508587069b", [:rebar3], [], "hexpm", "47f21618694eeee5006af1c88731ad86b757161e7823c29b6f73921b571c8502"},
  "phoenix": {:hex, :phoenix, "1.6.9", "648e660040cdc758c5401972e0f592ce622d4ce9cd16d2d9c33dda32d0c9f7fa", [:mix], [{:jason, "~> 1.0", [hex: :jason, repo: "hexpm", optional: true]}, {:phoenix_pubsub, "~> 2.0", [hex: :phoenix_pubsub, repo: "hexpm", optional: false]}, {:phoenix_view, "~> 1.0", [hex: :phoenix_view, repo: "hexpm", optional: false]}, {:plug, "~> 1.10", [hex: :plug, repo: "hexpm", optional: false]}, {:plug_cowboy, "~> 2.2", [hex: :plug_cowboy, repo: "hexpm", optional: true]}, {:plug_crypto, "~> 1.2", [hex: :plug_crypto, repo: "hexpm", optional: false]}, {:telemetry, "~> 0.4 or ~> 1.0", [hex: :telemetry, repo: "hexpm", optional: false]}], "hexpm", "be2fe497597d6bf297dcbf9f4416b4929dbfbdcc25edc1acf6d4dcaecbe898a6"},
  "phoenix_html": {:hex, :phoenix_html, "3.2.0", "1c1219d4b6cb22ac72f12f73dc5fad6c7563104d083f711c3fcd8551a1f4ae11", [:mix], [{:plug, "~> 1.5", [hex: :plug, repo: "hexpm", optional: true]}], "hexpm", "36ec97ba56d25c0136ef1992c37957e4246b649d620958a1f9fa86165f8bc54f"},
  "phoenix_live_view": {:hex, :phoenix_live_view, "0.17.10", "a8b61b1a825dc1f9c0808583c2a7e8d18dfbe22edb6d7271744a2013eca8adb1", [:mix], [{:jason, "~> 1.0", [hex: :jason, repo: "hexpm", optional: true]}, {:phoenix, "~> 1.6.0", [hex: :phoenix, repo: "hexpm", optional: false]}, {:phoenix_html, "~> 3.1", [hex: :phoenix_html, repo: "hexpm", optional: false]}, {:telemetry, "~> 0.4.2 or ~> 1.0", [hex: :telemetry, repo: "hexpm", optional: false]}], "hexpm", "3e77cf0fc9909e9e87fa48f82fa3c4e6f471b19edf481b1b1b31e7d47810f235"},
  "phoenix_pubsub": {:hex, :phoenix_pubsub, "2.1.1", "ba04e489ef03763bf28a17eb2eaddc2c20c6d217e2150a61e3298b0f4c2012b5", [:mix], [], "hexpm", "81367c6d1eea5878ad726be80808eb5a787a23dee699f96e72b1109c57cdd8d9"},
  "phoenix_view": {:hex, :phoenix_view, "1.1.2", "1b82764a065fb41051637872c7bd07ed2fdb6f5c3bd89684d4dca6e10115c95a", [:mix], [{:phoenix_html, "~> 2.14.2 or ~> 3.0", [hex: :phoenix_html, repo: "hexpm", optional: true]}], "hexpm", "7ae90ad27b09091266f6adbb61e1d2516a7c3d7062c6789d46a7554ec40f3a56"},
  "playwright": {:hex, :playwright, "1.18.0-alpha.1", "2035d49c110f47b4af99ce7db5c1ce50e633487b9e8251b64b9c33b89f0f08be", [:mix], [{:cowlib, "~> 2.7.0", [hex: :cowlib, repo: "hexpm", optional: false]}, {:esbuild, "~> 0.4", [hex: :esbuild, repo: "hexpm", optional: false]}, {:gun, "~> 1.3.3", [hex: :gun, repo: "hexpm", optional: false]}, {:jason, "~> 1.2", [hex: :jason, repo: "hexpm", optional: false]}, {:recase, "~> 0.7", [hex: :recase, repo: "hexpm", optional: false]}, {:uuid, "~> 1.1", [hex: :uuid, repo: "hexpm", optional: false]}], "hexpm", "670148928fb4bd3bebd45ea68feefc65de2726fc3bc7c49cc6dd90f0779fe9c9"},
  "plug": {:hex, :plug, "1.13.6", "187beb6b67c6cec50503e940f0434ea4692b19384d47e5fdfd701e93cadb4cc2", [:mix], [{:mime, "~> 1.0 or ~> 2.0", [hex: :mime, repo: "hexpm", optional: false]}, {:plug_crypto, "~> 1.1.1 or ~> 1.2", [hex: :plug_crypto, repo: "hexpm", optional: false]}, {:telemetry, "~> 0.4.3 or ~> 1.0", [hex: :telemetry, repo: "hexpm", optional: false]}], "hexpm", "02b9c6b9955bce92c829f31d6284bf53c591ca63c4fb9ff81dfd0418667a34ff"},
  "plug_cowboy": {:hex, :plug_cowboy, "2.5.2", "62894ccd601cf9597e2c23911ff12798a8a18d237e9739f58a6b04e4988899fe", [:mix], [{:cowboy, "~> 2.7", [hex: :cowboy, repo: "hexpm", optional: false]}, {:cowboy_telemetry, "~> 0.3", [hex: :cowboy_telemetry, repo: "hexpm", optional: false]}, {:plug, "~> 1.7", [hex: :plug, repo: "hexpm", optional: false]}], "hexpm", "ea6e87f774c8608d60c8d34022a7d073bd7680a0a013f049fc62bf35efea1044"},
  "plug_crypto": {:hex, :plug_crypto, "1.2.2", "05654514ac717ff3a1843204b424477d9e60c143406aa94daf2274fdd280794d", [:mix], [], "hexpm", "87631c7ad914a5a445f0a3809f99b079113ae4ed4b867348dd9eec288cecb6db"},
  "qex": {:hex, :qex, "0.5.1", "0d82c0f008551d24fffb99d97f8299afcb8ea9cf99582b770bd004ed5af63fd6", [:mix], [], "hexpm", "935a39fdaf2445834b95951456559e9dc2063d0a055742c558a99987b38d6bab"},
  "ranch": {:hex, :ranch, "1.8.0", "8c7a100a139fd57f17327b6413e4167ac559fbc04ca7448e9be9057311597a1d", [:make, :rebar3], [], "hexpm", "49fbcfd3682fab1f5d109351b61257676da1a2fdbe295904176d5e521a2ddfe5"},
  "ratio": {:hex, :ratio, "2.4.2", "c8518f3536d49b1b00d88dd20d49f8b11abb7819638093314a6348139f14f9f9", [:mix], [{:decimal, "~> 1.6 or ~> 2.0", [hex: :decimal, repo: "hexpm", optional: true]}, {:numbers, "~> 5.2.0", [hex: :numbers, repo: "hexpm", optional: false]}], "hexpm", "441ef6f73172a3503de65ccf1769030997b0d533b1039422f1e5e0e0b4cbf89e"},
  "recase": {:hex, :recase, "0.7.0", "3f2f719f0886c7a3b7fe469058ec539cb7bbe0023604ae3bce920e186305e5ae", [:mix], [], "hexpm", "36f5756a9f552f4a94b54a695870e32f4e72d5fad9c25e61bc4a3151c08a4e0c"},
  "secure_random": {:hex, :secure_random, "0.5.1", "c5532b37c89d175c328f5196a0c2a5680b15ebce3e654da37129a9fe40ebf51b", [:mix], [], "hexpm", "1b9754f15e3940a143baafd19da12293f100044df69ea12db5d72878312ae6ab"},
  "shmex": {:hex, :shmex, "0.5.0", "7dc4fb1a8bd851085a652605d690bdd070628717864b442f53d3447326bcd3e8", [:mix], [{:bunch_native, "~> 0.5.0", [hex: :bunch_native, repo: "hexpm", optional: false]}, {:bundlex, "~> 1.0", [hex: :bundlex, repo: "hexpm", optional: false]}], "hexpm", "b67bb1e22734758397c84458dbb746519e28eac210423c267c7248e59fc97bdc"},
  "stampede": {:git, "https://github.com/geometerio/stampede-elixir.git", "7cb408707823dbde82af953a9408ff2e49fc6252", []},
  "telemetry": {:hex, :telemetry, "1.1.0", "a589817034a27eab11144ad24d5c0f9fab1f58173274b1e9bae7074af9cbee51", [:rebar3], [], "hexpm", "b727b2a1f75614774cff2d7565b64d0dfa5bd52ba517f16543e6fc7efcc0df48"},
  "telemetry_metrics": {:hex, :telemetry_metrics, "0.6.1", "315d9163a1d4660aedc3fee73f33f1d355dcc76c5c3ab3d59e76e3edf80eef1f", [:mix], [{:telemetry, "~> 0.4 or ~> 1.0", [hex: :telemetry, repo: "hexpm", optional: false]}], "hexpm", "7be9e0871c41732c233be71e4be11b96e56177bf15dde64a8ac9ce72ac9834c6"},
  "unifex": {:hex, :unifex, "1.0.0", "a8a2ac6f6f437dd689db8c680df53e28e43c0548cd58ba2af36a1241f66fbc62", [:mix], [{:bunch, "~> 1.0", [hex: :bunch, repo: "hexpm", optional: false]}, {:bundlex, "~> 1.0", [hex: :bundlex, repo: "hexpm", optional: false]}, {:shmex, "~> 0.5.0", [hex: :shmex, repo: "hexpm", optional: false]}], "hexpm", "23b30d5d9d65bb77c25397e476d86818df7b6519bcb0ea816429a70d0729c14d"},
  "uuid": {:hex, :uuid, "1.1.8", "e22fc04499de0de3ed1116b770c7737779f226ceefa0badb3592e64d5cfb4eb9", [:mix], [], "hexpm", "c790593b4c3b601f5dc2378baae7efaf5b3d73c4c6456ba85759905be792f2ac"},
}
