{
    "requires": true,
    "lockfileVersion": 1,
    "dependencies": {
        "membrane_rtc_engine": {
            "version": "file:../../.."
        },
        "phoenix": {
            "version": "file:../deps/phoenix"
        },
        "typescript": {
            "version": "4.5.5",
            "resolved": "https://registry.npmjs.org/typescript/-/typescript-4.5.5.tgz",
            "integrity": "sha512-TCTIul70LyWe6IJWT8QSYeA54WQe8EjQFU4wY52Fasj5UKx88LNYKCgBEHcOMOrFF1rKGbD8v/xcNWVUq9SymA=="
        }
    }
}
